
Microsoft Visual Studio Solution File, Format Version 12.00
# Visual Studio Version 17
VisualStudioVersion = 17.7.33808.371
MinimumVisualStudioVersion = 10.0.40219.1
Project("{FAE04EC0-301F-11D3-BF4B-00C04F79EFBC}") = "rodacini", "rodacini.csproj", "{427042EF-7EBB-49F5-82E7-016836895702}"
EndProject
Global
	GlobalSection(SolutionConfigurationPlatforms) = preSolution
		Debug|Any CPU = Debug|Any CPU
		Release|Any CPU = Release|Any CPU
	EndGlobalSection
	GlobalSection(ProjectConfigurationPlatforms) = postSolution
		{427042EF-7EBB-49F5-82E7-016836895702}.Debug|Any CPU.ActiveCfg = Debug|Any CPU
		{427042EF-7EBB-49F5-82E7-016836895702}.Debug|Any CPU.Build.0 = Debug|Any CPU
		{427042EF-7EBB-49F5-82E7-016836895702}.Release|Any CPU.ActiveCfg = Release|Any CPU
		{427042EF-7EBB-49F5-82E7-016836895702}.Release|Any CPU.Build.0 = Release|Any CPU
	EndGlobalSection
	GlobalSection(SolutionProperties) = preSolution
		HideSolutionNode = FALSE
	EndGlobalSection
	GlobalSection(ExtensibilityGlobals) = postSolution
		SolutionGuid = {38E68E8B-0DB6-4A76-9457-0D8BF6EFD4E2}
	EndGlobalSection
EndGlobal
